
Microsoft Visual Studio Solution File, Format Version 12.00
# Visual Studio Version 17
VisualStudioVersion = 17.4.33213.308
MinimumVisualStudioVersion = 10.0.40219.1
Project("{FAE04EC0-301F-11D3-BF4B-00C04F79EFBC}") = "WpfApp1", "WpfApp1.csproj", "{13C2CFD5-B787-48A4-B321-ED1FC78F01B8}"
EndProject
Global
	GlobalSection(SolutionConfigurationPlatforms) = preSolution
		Debug|Any CPU = Debug|Any CPU
		Release|Any CPU = Release|Any CPU
	EndGlobalSection
	GlobalSection(ProjectConfigurationPlatforms) = postSolution
		{13C2CFD5-B787-48A4-B321-ED1FC78F01B8}.Debug|Any CPU.ActiveCfg = Debug|Any CPU
		{13C2CFD5-B787-48A4-B321-ED1FC78F01B8}.Debug|Any CPU.Build.0 = Debug|Any CPU
		{13C2CFD5-B787-48A4-B321-ED1FC78F01B8}.Release|Any CPU.ActiveCfg = Release|Any CPU
		{13C2CFD5-B787-48A4-B321-ED1FC78F01B8}.Release|Any CPU.Build.0 = Release|Any CPU
	EndGlobalSection
	GlobalSection(SolutionProperties) = preSolution
		HideSolutionNode = FALSE
	EndGlobalSection
	GlobalSection(ExtensibilityGlobals) = postSolution
		SolutionGuid = {5EA0AD0D-E147-4F60-ADFC-C083813729A7}
	EndGlobalSection
EndGlobal
